
Microsoft Visual Studio Solution File, Format Version 12.00
# Visual Studio Version 16
VisualStudioVersion = 16.0.30114.105
MinimumVisualStudioVersion = 10.0.40219.1
Project("{2150E333-8FDC-42A3-9474-1A3956D46DE8}") = "src", "src", "{7C78C488-C279-4208-8BF7-EC79AD3041A3}"
EndProject
Project("{FAE04EC0-301F-11D3-BF4B-00C04F79EFBC}") = "GildedRoses.Domain", "src\domain\GildedRoses.Domain.csproj", "{101455CA-A873-4E62-80AB-6666E4A266D9}"
EndProject
Project("{2150E333-8FDC-42A3-9474-1A3956D46DE8}") = "test", "test", "{8EFAC23C-169F-498F-8A0D-AE3931086531}"
EndProject
Project("{FAE04EC0-301F-11D3-BF4B-00C04F79EFBC}") = "GildedRoses.Test", "test\domain\GildedRoses.Test.csproj", "{3B806354-44DE-4732-9C84-B4EEF7C646D1}"
EndProject
Project("{FAE04EC0-301F-11D3-BF4B-00C04F79EFBC}") = "GildedRoses.Host", "src\host\GildedRoses.Host.csproj", "{92628179-45EE-4C4C-AAC6-A2EBB42F2764}"
EndProject
Global
	GlobalSection(SolutionConfigurationPlatforms) = preSolution
		Debug|Any CPU = Debug|Any CPU
		Release|Any CPU = Release|Any CPU
	EndGlobalSection
	GlobalSection(SolutionProperties) = preSolution
		HideSolutionNode = FALSE
	EndGlobalSection
	GlobalSection(ProjectConfigurationPlatforms) = postSolution
		{101455CA-A873-4E62-80AB-6666E4A266D9}.Debug|Any CPU.ActiveCfg = Debug|Any CPU
		{101455CA-A873-4E62-80AB-6666E4A266D9}.Debug|Any CPU.Build.0 = Debug|Any CPU
		{101455CA-A873-4E62-80AB-6666E4A266D9}.Release|Any CPU.ActiveCfg = Release|Any CPU
		{101455CA-A873-4E62-80AB-6666E4A266D9}.Release|Any CPU.Build.0 = Release|Any CPU
		{3B806354-44DE-4732-9C84-B4EEF7C646D1}.Debug|Any CPU.ActiveCfg = Debug|Any CPU
		{3B806354-44DE-4732-9C84-B4EEF7C646D1}.Debug|Any CPU.Build.0 = Debug|Any CPU
		{3B806354-44DE-4732-9C84-B4EEF7C646D1}.Release|Any CPU.ActiveCfg = Release|Any CPU
		{3B806354-44DE-4732-9C84-B4EEF7C646D1}.Release|Any CPU.Build.0 = Release|Any CPU
		{92628179-45EE-4C4C-AAC6-A2EBB42F2764}.Debug|Any CPU.ActiveCfg = Debug|Any CPU
		{92628179-45EE-4C4C-AAC6-A2EBB42F2764}.Debug|Any CPU.Build.0 = Debug|Any CPU
		{92628179-45EE-4C4C-AAC6-A2EBB42F2764}.Release|Any CPU.ActiveCfg = Release|Any CPU
		{92628179-45EE-4C4C-AAC6-A2EBB42F2764}.Release|Any CPU.Build.0 = Release|Any CPU
	EndGlobalSection
	GlobalSection(NestedProjects) = preSolution
		{101455CA-A873-4E62-80AB-6666E4A266D9} = {7C78C488-C279-4208-8BF7-EC79AD3041A3}
		{3B806354-44DE-4732-9C84-B4EEF7C646D1} = {8EFAC23C-169F-498F-8A0D-AE3931086531}
		{92628179-45EE-4C4C-AAC6-A2EBB42F2764} = {7C78C488-C279-4208-8BF7-EC79AD3041A3}
	EndGlobalSection
EndGlobal
